lockfileVersion: '9.0'

settings:
  autoInstallPeers: true
  excludeLinksFromLockfile: false

importers:

  .:
    dependencies:
      bcrypt:
        specifier: ^6.0.0
        version: 6.0.0
      jose:
        specifier: ^5.0.0
        version: 5.10.0
      zod:
        specifier: ^3.22.0
        version: 3.25.76
    devDependencies:
      '@biomejs/biome':
        specifier: 2.4.13
        version: 2.4.13
      '@types/bcrypt':
        specifier: ^6.0.0
        version: 6.0.0

packages:

  '@biomejs/biome@2.4.13':
    resolution: {integrity: sha512-gLXOwkOBBg0tr7bDsqlkIh4uFeKuMjxvqsrb1Tukww1iDmHcfr4Uu8MoQxp0Rcte+69+osRNWXwHsu/zxT6XqA==}
    engines: {node: '>=14.21.3'}
    hasBin: true

  '@biomejs/cli-darwin-arm64@2.4.13':
    resolution: {integrity: sha512-2KImO1jhNFBa2oWConyr0x6flxbQpGKv6902uGXpYM62Xyem8U80j441SyUJ8KyngsmKbQjeIv1q2CQfDkNnYg==}
    engines: {node: '>=14.21.3'}
    cpu: [arm64]
    os: [darwin]

  '@biomejs/cli-darwin-x64@2.4.13':
    resolution: {integrity: sha512-BKrJklbaFN4p1Ts4kPBczo+PkbsHQg57kmJ+vON9u2t6uN5okYHaSr7h/MutPCWQgg2lglaWoSmm+zhYW+oOkg==}
    engines: {node: '>=14.21.3'}
    cpu: [x64]
    os: [darwin]

  '@biomejs/cli-linux-arm64-musl@2.4.13':
    resolution: {integrity: sha512-U5MsuBQW25dXaYtqWWSPM3P96H6Y+fHuja3TQpMNnylocHW0tEbtFTDlUj6oM+YJLntvEkQy4grBvQNUD4+RCg==}
    engines: {node: '>=14.21.3'}
    cpu: [arm64]
    os: [linux]

  '@biomejs/cli-linux-arm64@2.4.13':
    resolution: {integrity: sha512-NzkUDSqfvMBrPplKgVr3aXLHZ2NEELvvF4vZxXulEylKWIGqlvNEcwUcj9OLrn75TD3lJ/GIqCVlBwd1MZCuYQ==}
    engines: {node: '>=14.21.3'}
    cpu: [arm64]
    os: [linux]

  '@biomejs/cli-linux-x64-musl@2.4.13':
    resolution: {integrity: sha512-Z601MienRgTBDza/+u2CH3RSrWoXo9rtr8NK6A4KJzqGgfxx+H3VlyLgTJ4sRo40T3pIsqpTmiOQEvYzQvBRvQ==}
    engines: {node: '>=14.21.3'}
    cpu: [x64]
    os: [linux]

  '@biomejs/cli-linux-x64@2.4.13':
    resolution: {integrity: sha512-Az3ZZedYRBo9EQzNnD9SxFcR1G5QsGo6VEc2hIyVPZ1rdKwee/7E9oeBBZFpE8Z44ekxsDQBqbiWGW5ShOhUSQ==}
    engines: {node: '>=14.21.3'}
    cpu: [x64]
    os: [linux]

  '@biomejs/cli-win32-arm64@2.4.13':
    resolution: {integrity: sha512-Px9PS2B5/Q183bUwy/5VHqp3J2lzdOCeVGzMpphYfl8oSa7VDCqenBdqWpy6DCy/en4Rbf/Y1RieZF6dJPcc9A==}
    engines: {node: '>=14.21.3'}
    cpu: [arm64]
    os: [win32]

  '@biomejs/cli-win32-x64@2.4.13':
    resolution: {integrity: sha512-tTcMkXyBrmHi9BfrD2VNHs/5rYIUKETqsBlYOvSAABwBkJhSDVb5e7wPukftsQbO3WzQkXe6kaztC6WtUOXSoQ==}
    engines: {node: '>=14.21.3'}
    cpu: [x64]
    os: [win32]

  '@types/bcrypt@6.0.0':
    resolution: {integrity: sha512-/oJGukuH3D2+D+3H4JWLaAsJ/ji86dhRidzZ/Od7H/i8g+aCmvkeCc6Ni/f9uxGLSQVCRZkX2/lqEFG2BvWtlQ==}

  '@types/node@26.1.1':
    resolution: {integrity: sha512-nxAkRSVkN1Y0JC1W8ky/fTfkGsMmcrRsbx+3XoZE+rMOX71kLYTV7fLXpqud1GpbpP5TuffXFqfX7fH2GgZREw==}

  bcrypt@6.0.0:
    resolution: {integrity: sha512-cU8v/EGSrnH+HnxV2z0J7/blxH8gq7Xh2JFT6Aroax7UohdmiJJlxApMxtKfuI7z68NvvVcmR78k2LbT6efhRg==}
    engines: {node: '>= 18'}

  jose@5.10.0:
    resolution: {integrity: sha512-s+3Al/p9g32Iq+oqXxkW//7jk2Vig6FF1CFqzVXoTUXt2qz89YWbL+OwS17NFYEvxC35n0FKeGO2LGYSxeM2Gg==}

  node-addon-api@8.9.0:
    resolution: {integrity: sha512-ekZMeaaIzSQTSpr7X2X3iJM7lTzgnx8ahAG9pJfT/7+14mlEM8ZYQ9cgCDvSSRbReFK0oHli3WrZdCiRsgAT9Q==}
    engines: {node: ^18 || ^20 || >= 21}

  node-gyp-build@4.8.4:
    resolution: {integrity: sha512-LA4ZjwlnUblHVgq0oBF3Jl/6h/Nvs5fzBLwdEF4nuxnFdsfajde4WfxtJr3CaiH+F6ewcIB/q4jQ4UzPyid+CQ==}
    hasBin: true

  undici-types@8.3.0:
    resolution: {integrity: sha512-j375ScV60dom+YkPFIfTLcOiPxkN/buHz5GobjLhixFuANaNs3C9l4GmrWqejgXWJ7BbJcFYpTEUkS1Ge8bpZQ==}

  zod@3.25.76:
    resolution: {integrity: sha512-gzUt/qt81nXsFGKIFcC3YnfEAx5NkunCfnDlvuBSSFS02bcXu4Lmea0AFIUwbLWxWPx3d9p8S5QoaujKcNQxcQ==}

snapshots:

  '@biomejs/biome@2.4.13':
    optionalDependencies:
      '@biomejs/cli-darwin-arm64': 2.4.13
      '@biomejs/cli-darwin-x64': 2.4.13
      '@biomejs/cli-linux-arm64': 2.4.13
      '@biomejs/cli-linux-arm64-musl': 2.4.13
      '@biomejs/cli-linux-x64': 2.4.13
      '@biomejs/cli-linux-x64-musl': 2.4.13
      '@biomejs/cli-win32-arm64': 2.4.13
      '@biomejs/cli-win32-x64': 2.4.13

  '@biomejs/cli-darwin-arm64@2.4.13':
    optional: true

  '@biomejs/cli-darwin-x64@2.4.13':
    optional: true

  '@biomejs/cli-linux-arm64-musl@2.4.13':
    optional: true

  '@biomejs/cli-linux-arm64@2.4.13':
    optional: true

  '@biomejs/cli-linux-x64-musl@2.4.13':
    optional: true

  '@biomejs/cli-linux-x64@2.4.13':
    optional: true

  '@biomejs/cli-win32-arm64@2.4.13':
    optional: true

  '@biomejs/cli-win32-x64@2.4.13':
    optional: true

  '@types/bcrypt@6.0.0':
    dependencies:
      '@types/node': 26.1.1

  '@types/node@26.1.1':
    dependencies:
      undici-types: 8.3.0

  bcrypt@6.0.0:
    dependencies:
      node-addon-api: 8.9.0
      node-gyp-build: 4.8.4

  jose@5.10.0: {}

  node-addon-api@8.9.0: {}

  node-gyp-build@4.8.4: {}

  undici-types@8.3.0: {}

  zod@3.25.76: {}
